{
  "name": "ai-playground",
  "version": "1.0.0",
  "lockfileVersion": 1,
  "requires": true,
  "dependencies": {
    "esm": {
      "version": "3.2.13",
      "resolved": "https://registry.npmjs.org/esm/-/esm-3.2.13.tgz",
      "integrity": "sha512-0KGE/BOvS4MIjsalY3GfbhAgy+wJ7OO/JXrpTm0KnajE9np5s4fuEkyplaF5xLnN7/3h9jZAvTnnMynK39wG4g==",
      "dev": true
    }
  }
}
